
Microsoft Visual Studio Solution File, Format Version 12.00
# Visual Studio 15
VisualStudioVersion = 15.0.26228.4
MinimumVisualStudioVersion = 10.0.40219.1
Project("{2150E333-8FDC-42A3-9474-1A3956D46DE8}") = "01- Presentation Layer", "01- Presentation Layer", "{36A5F2E0-6FFF-475B-A99C-04A2BF6CABC8}"
EndProject
Project("{2150E333-8FDC-42A3-9474-1A3956D46DE8}") = "02- Business Logic Layer", "02- Business Logic Layer", "{9532F4F9-35EE-4EB2-9292-9B2FFF586E99}"
EndProject
Project("{2150E333-8FDC-42A3-9474-1A3956D46DE8}") = "03- Data Access Layer", "03- Data Access Layer", "{D8FA8328-1296-4EA1-8012-9EC4C27DAEC4}"
EndProject
Project("{2150E333-8FDC-42A3-9474-1A3956D46DE8}") = "04- Core Model Layer", "04- Core Model Layer", "{7E822904-049D-4D3E-A48A-98F06284C352}"
EndProject
Project("{2150E333-8FDC-42A3-9474-1A3956D46DE8}") = "05- Common Layer", "05- Common Layer", "{1DE84F02-D9EC-4684-8157-F53CC3372448}"
EndProject
Project("{FAE04EC0-301F-11D3-BF4B-00C04F79EFBC}") = "Eron.Core", "Eron.Core\Eron.Core.csproj", "{7AC8303B-8D88-407B-BBC1-5E36312A8AF1}"
EndProject
Project("{FAE04EC0-301F-11D3-BF4B-00C04F79EFBC}") = "Eron.DataAccess.EntityFramework", "Eron.DataAccess.EntityFramework\Eron.DataAccess.EntityFramework.csproj", "{FCD558C2-5501-4575-91B6-C4BE9F97EE7B}"
EndProject
Project("{FAE04EC0-301F-11D3-BF4B-00C04F79EFBC}") = "Eron.Business.Core", "Eron.Business.Core\Eron.Business.Core.csproj", "{4E6D15D2-A8AB-422A-988C-39C3CA1FEB11}"
EndProject
Project("{FAE04EC0-301F-11D3-BF4B-00C04F79EFBC}") = "Eron.Presentation.WebApi", "Eron.Presentation.WebApi\Eron.Presentation.WebApi.csproj", "{F92D3DE5-CAB1-422C-AF49-4F45C0C6FCB5}"
EndProject
Project("{FAE04EC0-301F-11D3-BF4B-00C04F79EFBC}") = "Eron.Presentation.WebApi.Tests", "Eron.Presentation.WebApi.Tests\Eron.Presentation.WebApi.Tests.csproj", "{F69B0D12-2AE9-4879-8445-4FC42F2A1CB4}"
EndProject
Project("{FAE04EC0-301F-11D3-BF4B-00C04F79EFBC}") = "Eron.SharedKernel", "Eron.SharedKernel\Eron.SharedKernel.csproj", "{6604261A-6A01-4832-91BA-E208B08A9D8F}"
EndProject
Project("{FAE04EC0-301F-11D3-BF4B-00C04F79EFBC}") = "Eron.DataAccess.Contract", "Eron.DataAccess.Contract\Eron.DataAccess.Contract.csproj", "{406BD3A9-1557-47D9-88FE-58113A7A3DA8}"
EndProject
Global
	GlobalSection(SolutionConfigurationPlatforms) = preSolution
		Debug|Any CPU = Debug|Any CPU
		Release|Any CPU = Release|Any CPU
	EndGlobalSection
	GlobalSection(ProjectConfigurationPlatforms) = postSolution
		{7AC8303B-8D88-407B-BBC1-5E36312A8AF1}.Debug|Any CPU.ActiveCfg = Debug|Any CPU
		{7AC8303B-8D88-407B-BBC1-5E36312A8AF1}.Debug|Any CPU.Build.0 = Debug|Any CPU
		{7AC8303B-8D88-407B-BBC1-5E36312A8AF1}.Release|Any CPU.ActiveCfg = Release|Any CPU
		{7AC8303B-8D88-407B-BBC1-5E36312A8AF1}.Release|Any CPU.Build.0 = Release|Any CPU
		{FCD558C2-5501-4575-91B6-C4BE9F97EE7B}.Debug|Any CPU.ActiveCfg = Debug|Any CPU
		{FCD558C2-5501-4575-91B6-C4BE9F97EE7B}.Debug|Any CPU.Build.0 = Debug|Any CPU
		{FCD558C2-5501-4575-91B6-C4BE9F97EE7B}.Release|Any CPU.ActiveCfg = Release|Any CPU
		{FCD558C2-5501-4575-91B6-C4BE9F97EE7B}.Release|Any CPU.Build.0 = Release|Any CPU
		{4E6D15D2-A8AB-422A-988C-39C3CA1FEB11}.Debug|Any CPU.ActiveCfg = Debug|Any CPU
		{4E6D15D2-A8AB-422A-988C-39C3CA1FEB11}.Debug|Any CPU.Build.0 = Debug|Any CPU
		{4E6D15D2-A8AB-422A-988C-39C3CA1FEB11}.Release|Any CPU.ActiveCfg = Release|Any CPU
		{4E6D15D2-A8AB-422A-988C-39C3CA1FEB11}.Release|Any CPU.Build.0 = Release|Any CPU
		{F92D3DE5-CAB1-422C-AF49-4F45C0C6FCB5}.Debug|Any CPU.ActiveCfg = Debug|Any CPU
		{F92D3DE5-CAB1-422C-AF49-4F45C0C6FCB5}.Debug|Any CPU.Build.0 = Debug|Any CPU
		{F92D3DE5-CAB1-422C-AF49-4F45C0C6FCB5}.Release|Any CPU.ActiveCfg = Release|Any CPU
		{F92D3DE5-CAB1-422C-AF49-4F45C0C6FCB5}.Release|Any CPU.Build.0 = Release|Any CPU
		{F69B0D12-2AE9-4879-8445-4FC42F2A1CB4}.Debug|Any CPU.ActiveCfg = Debug|Any CPU
		{F69B0D12-2AE9-4879-8445-4FC42F2A1CB4}.Debug|Any CPU.Build.0 = Debug|Any CPU
		{F69B0D12-2AE9-4879-8445-4FC42F2A1CB4}.Release|Any CPU.ActiveCfg = Release|Any CPU
		{F69B0D12-2AE9-4879-8445-4FC42F2A1CB4}.Release|Any CPU.Build.0 = Release|Any CPU
		{6604261A-6A01-4832-91BA-E208B08A9D8F}.Debug|Any CPU.ActiveCfg = Debug|Any CPU
		{6604261A-6A01-4832-91BA-E208B08A9D8F}.Debug|Any CPU.Build.0 = Debug|Any CPU
		{6604261A-6A01-4832-91BA-E208B08A9D8F}.Release|Any CPU.ActiveCfg = Release|Any CPU
		{6604261A-6A01-4832-91BA-E208B08A9D8F}.Release|Any CPU.Build.0 = Release|Any CPU
		{406BD3A9-1557-47D9-88FE-58113A7A3DA8}.Debug|Any CPU.ActiveCfg = Debug|Any CPU
		{406BD3A9-1557-47D9-88FE-58113A7A3DA8}.Debug|Any CPU.Build.0 = Debug|Any CPU
		{406BD3A9-1557-47D9-88FE-58113A7A3DA8}.Release|Any CPU.ActiveCfg = Release|Any CPU
		{406BD3A9-1557-47D9-88FE-58113A7A3DA8}.Release|Any CPU.Build.0 = Release|Any CPU
	EndGlobalSection
	GlobalSection(SolutionProperties) = preSolution
		HideSolutionNode = FALSE
	EndGlobalSection
	GlobalSection(NestedProjects) = preSolution
		{7AC8303B-8D88-407B-BBC1-5E36312A8AF1} = {7E822904-049D-4D3E-A48A-98F06284C352}
		{FCD558C2-5501-4575-91B6-C4BE9F97EE7B} = {D8FA8328-1296-4EA1-8012-9EC4C27DAEC4}
		{4E6D15D2-A8AB-422A-988C-39C3CA1FEB11} = {9532F4F9-35EE-4EB2-9292-9B2FFF586E99}
		{F92D3DE5-CAB1-422C-AF49-4F45C0C6FCB5} = {36A5F2E0-6FFF-475B-A99C-04A2BF6CABC8}
		{F69B0D12-2AE9-4879-8445-4FC42F2A1CB4} = {36A5F2E0-6FFF-475B-A99C-04A2BF6CABC8}
		{6604261A-6A01-4832-91BA-E208B08A9D8F} = {1DE84F02-D9EC-4684-8157-F53CC3372448}
		{406BD3A9-1557-47D9-88FE-58113A7A3DA8} = {D8FA8328-1296-4EA1-8012-9EC4C27DAEC4}
	EndGlobalSection
EndGlobal
